
Microsoft Visual Studio Solution File, Format Version 12.00
# Visual Studio 14
VisualStudioVersion = 14.0.25420.1
MinimumVisualStudioVersion = 10.0.40219.1
Project("{FAE04EC0-301F-11D3-BF4B-00C04F79EFBC}") = "HomeworkMethods", "HomeworkMethods\HomeworkMethods.csproj", "{F2B5FF58-61F0-4270-99DB-92DD3A9AD8E1}"
EndProject
Project("{FAE04EC0-301F-11D3-BF4B-00C04F79EFBC}") = "GetLargestNumber", "GetLargestNumber\GetLargestNumber.csproj", "{20F269F9-B596-4F1E-9F83-4B55B7D14A6A}"
EndProject
Project("{FAE04EC0-301F-11D3-BF4B-00C04F79EFBC}") = "EnglishDigit", "EnglishDigit\EnglishDigit.csproj", "{48794992-247E-4D74-B8E0-5658D434E5B2}"
EndProject
Project("{FAE04EC0-301F-11D3-BF4B-00C04F79EFBC}") = "AppearanceCount", "AppearanceCount\AppearanceCount.csproj", "{9BCA54FF-2A9B-461A-867D-33392A39B36F}"
EndProject
Project("{FAE04EC0-301F-11D3-BF4B-00C04F79EFBC}") = "LargerThanNeighbours", "LargerThanNeighbours\LargerThanNeighbours.csproj", "{912EAB81-4D9D-4AB4-B304-FB2C8F982FB1}"
EndProject
Project("{FAE04EC0-301F-11D3-BF4B-00C04F79EFBC}") = "FirstlargerthanNeighbours", "FirstlargerthanNeighbours\FirstlargerthanNeighbours.csproj", "{E97865BD-DF9C-49B6-8ADD-CF6ACE3144E1}"
EndProject
Project("{FAE04EC0-301F-11D3-BF4B-00C04F79EFBC}") = "ReverseNumber", "ReverseNumber\ReverseNumber.csproj", "{24F2E281-D2D5-44EC-8E9F-1A1671AED00C}"
EndProject
Project("{FAE04EC0-301F-11D3-BF4B-00C04F79EFBC}") = "NumberAsArray", "NumberAsArray\NumberAsArray.csproj", "{7BAEBCE0-A165-4004-A227-1E978D65DA63}"
EndProject
Project("{FAE04EC0-301F-11D3-BF4B-00C04F79EFBC}") = "SortingArray", "SortingArray\SortingArray.csproj", "{A9B652D1-1237-4E73-A3D6-9A5A26490600}"
EndProject
Project("{FAE04EC0-301F-11D3-BF4B-00C04F79EFBC}") = "NFactorial", "NFactorial\NFactorial.csproj", "{E25EE565-ED47-4DFD-8AF0-763100A2EE6B}"
EndProject
Project("{FAE04EC0-301F-11D3-BF4B-00C04F79EFBC}") = "AddingPolynomials", "AddingPolynomials\AddingPolynomials.csproj", "{E325F629-3742-49DA-869D-0144B2B378AE}"
EndProject
Project("{FAE04EC0-301F-11D3-BF4B-00C04F79EFBC}") = "IntegerCalculations", "IntegerCalculations\IntegerCalculations.csproj", "{C5017D12-EDCF-4C8E-8FAF-1D4DD5028BF5}"
EndProject
Global
	GlobalSection(SolutionConfigurationPlatforms) = preSolution
		Debug|Any CPU = Debug|Any CPU
		Release|Any CPU = Release|Any CPU
	EndGlobalSection
	GlobalSection(ProjectConfigurationPlatforms) = postSolution
		{F2B5FF58-61F0-4270-99DB-92DD3A9AD8E1}.Debug|Any CPU.ActiveCfg = Debug|Any CPU
		{F2B5FF58-61F0-4270-99DB-92DD3A9AD8E1}.Debug|Any CPU.Build.0 = Debug|Any CPU
		{F2B5FF58-61F0-4270-99DB-92DD3A9AD8E1}.Release|Any CPU.ActiveCfg = Release|Any CPU
		{F2B5FF58-61F0-4270-99DB-92DD3A9AD8E1}.Release|Any CPU.Build.0 = Release|Any CPU
		{20F269F9-B596-4F1E-9F83-4B55B7D14A6A}.Debug|Any CPU.ActiveCfg = Debug|Any CPU
		{20F269F9-B596-4F1E-9F83-4B55B7D14A6A}.Debug|Any CPU.Build.0 = Debug|Any CPU
		{20F269F9-B596-4F1E-9F83-4B55B7D14A6A}.Release|Any CPU.ActiveCfg = Release|Any CPU
		{20F269F9-B596-4F1E-9F83-4B55B7D14A6A}.Release|Any CPU.Build.0 = Release|Any CPU
		{48794992-247E-4D74-B8E0-5658D434E5B2}.Debug|Any CPU.ActiveCfg = Debug|Any CPU
		{48794992-247E-4D74-B8E0-5658D434E5B2}.Debug|Any CPU.Build.0 = Debug|Any CPU
		{48794992-247E-4D74-B8E0-5658D434E5B2}.Release|Any CPU.ActiveCfg = Release|Any CPU
		{48794992-247E-4D74-B8E0-5658D434E5B2}.Release|Any CPU.Build.0 = Release|Any CPU
		{9BCA54FF-2A9B-461A-867D-33392A39B36F}.Debug|Any CPU.ActiveCfg = Debug|Any CPU
		{9BCA54FF-2A9B-461A-867D-33392A39B36F}.Debug|Any CPU.Build.0 = Debug|Any CPU
		{9BCA54FF-2A9B-461A-867D-33392A39B36F}.Release|Any CPU.ActiveCfg = Release|Any CPU
		{9BCA54FF-2A9B-461A-867D-33392A39B36F}.Release|Any CPU.Build.0 = Release|Any CPU
		{912EAB81-4D9D-4AB4-B304-FB2C8F982FB1}.Debug|Any CPU.ActiveCfg = Debug|Any CPU
		{912EAB81-4D9D-4AB4-B304-FB2C8F982FB1}.Debug|Any CPU.Build.0 = Debug|Any CPU
		{912EAB81-4D9D-4AB4-B304-FB2C8F982FB1}.Release|Any CPU.ActiveCfg = Release|Any CPU
		{912EAB81-4D9D-4AB4-B304-FB2C8F982FB1}.Release|Any CPU.Build.0 = Release|Any CPU
		{E97865BD-DF9C-49B6-8ADD-CF6ACE3144E1}.Debug|Any CPU.ActiveCfg = Debug|Any CPU
		{E97865BD-DF9C-49B6-8ADD-CF6ACE3144E1}.Debug|Any CPU.Build.0 = Debug|Any CPU
		{E97865BD-DF9C-49B6-8ADD-CF6ACE3144E1}.Release|Any CPU.ActiveCfg = Release|Any CPU
		{E97865BD-DF9C-49B6-8ADD-CF6ACE3144E1}.Release|Any CPU.Build.0 = Release|Any CPU
		{24F2E281-D2D5-44EC-8E9F-1A1671AED00C}.Debug|Any CPU.ActiveCfg = Debug|Any CPU
		{24F2E281-D2D5-44EC-8E9F-1A1671AED00C}.Debug|Any CPU.Build.0 = Debug|Any CPU
		{24F2E281-D2D5-44EC-8E9F-1A1671AED00C}.Release|Any CPU.ActiveCfg = Release|Any CPU
		{24F2E281-D2D5-44EC-8E9F-1A1671AED00C}.Release|Any CPU.Build.0 = Release|Any CPU
		{7BAEBCE0-A165-4004-A227-1E978D65DA63}.Debug|Any CPU.ActiveCfg = Debug|Any CPU
		{7BAEBCE0-A165-4004-A227-1E978D65DA63}.Debug|Any CPU.Build.0 = Debug|Any CPU
		{7BAEBCE0-A165-4004-A227-1E978D65DA63}.Release|Any CPU.ActiveCfg = Release|Any CPU
		{7BAEBCE0-A165-4004-A227-1E978D65DA63}.Release|Any CPU.Build.0 = Release|Any CPU
		{A9B652D1-1237-4E73-A3D6-9A5A26490600}.Debug|Any CPU.ActiveCfg = Debug|Any CPU
		{A9B652D1-1237-4E73-A3D6-9A5A26490600}.Debug|Any CPU.Build.0 = Debug|Any CPU
		{A9B652D1-1237-4E73-A3D6-9A5A26490600}.Release|Any CPU.ActiveCfg = Release|Any CPU
		{A9B652D1-1237-4E73-A3D6-9A5A26490600}.Release|Any CPU.Build.0 = Release|Any CPU
		{E25EE565-ED47-4DFD-8AF0-763100A2EE6B}.Debug|Any CPU.ActiveCfg = Debug|Any CPU
		{E25EE565-ED47-4DFD-8AF0-763100A2EE6B}.Debug|Any CPU.Build.0 = Debug|Any CPU
		{E25EE565-ED47-4DFD-8AF0-763100A2EE6B}.Release|Any CPU.ActiveCfg = Release|Any CPU
		{E25EE565-ED47-4DFD-8AF0-763100A2EE6B}.Release|Any CPU.Build.0 = Release|Any CPU
		{E325F629-3742-49DA-869D-0144B2B378AE}.Debug|Any CPU.ActiveCfg = Debug|Any CPU
		{E325F629-3742-49DA-869D-0144B2B378AE}.Debug|Any CPU.Build.0 = Debug|Any CPU
		{E325F629-3742-49DA-869D-0144B2B378AE}.Release|Any CPU.ActiveCfg = Release|Any CPU
		{E325F629-3742-49DA-869D-0144B2B378AE}.Release|Any CPU.Build.0 = Release|Any CPU
		{C5017D12-EDCF-4C8E-8FAF-1D4DD5028BF5}.Debug|Any CPU.ActiveCfg = Debug|Any CPU
		{C5017D12-EDCF-4C8E-8FAF-1D4DD5028BF5}.Debug|Any CPU.Build.0 = Debug|Any CPU
		{C5017D12-EDCF-4C8E-8FAF-1D4DD5028BF5}.Release|Any CPU.ActiveCfg = Release|Any CPU
		{C5017D12-EDCF-4C8E-8FAF-1D4DD5028BF5}.Release|Any CPU.Build.0 = Release|Any CPU
	EndGlobalSection
	GlobalSection(SolutionProperties) = preSolution
		HideSolutionNode = FALSE
	EndGlobalSection
EndGlobal
